{
  "name": "duckdb_webapi_proto",
  "version": "0.0.1",
  "lockfileVersion": 1,
  "requires": true,
  "dependencies": {
    "@types/flatbuffers": {
      "version": "1.10.0",
      "resolved": "https://registry.npmjs.org/@types/flatbuffers/-/flatbuffers-1.10.0.tgz",
      "integrity": "sha512-7btbphLrKvo5yl/5CC2OCxUSMx1wV1wvGT1qDXkSt7yi00/YW7E8k6qzXqJHsp+WU0eoG7r6MTQQXI9lIvd0qA==",
      "dev": true
    },
    "flatbuffers": {
      "version": "1.12.0",
      "resolved": "https://registry.npmjs.org/flatbuffers/-/flatbuffers-1.12.0.tgz",
      "integrity": "sha512-c7CZADjRcl6j0PlvFy0ZqXQ67qSEZfrVPynmnL+2zPc+NtMvrF8Y0QceMo7QqnSPc7+uWjUIAbvCQ5WIKlMVdQ=="
    },
    "typescript": {
      "version": "3.9.7",
      "resolved": "https://registry.npmjs.org/typescript/-/typescript-3.9.7.tgz",
      "integrity": "sha512-BLbiRkiBzAwsjut4x/dsibSTB6yWpwT5qWmC2OfuCg3GgVQCSgMs4vEctYPhsaGtd0AeuuHMkjZ2h2WG8MSzRw==",
      "dev": true
    }
  }
}
