# This file is automatically @generated by Cargo.
# It is not intended for manual editing.
[[package]]
name = "bitflags"
version = "1.2.1"
source = "registry+https://github.com/rust-lang/crates.io-index"
checksum = "cf1de2fe8c75bc145a2f577add951f8134889b4795d47466a54a5c846d691693"

[[package]]
name = "dashql_proto"
version = "0.1.0"
dependencies = [
 "flatbuffers",
]

[[package]]
name = "flatbuffers"
version = "0.7.0"
source = "registry+https://github.com/rust-lang/crates.io-index"
checksum = "dbf606a9d6674ad82094652789cf69b0e6e598c2d3c9137c28970eec13f11644"
dependencies = [
 "bitflags",
 "smallvec",
]

[[package]]
name = "smallvec"
version = "1.5.1"
source = "registry+https://github.com/rust-lang/crates.io-index"
checksum = "ae524f056d7d770e174287294f562e95044c68e88dec909a00d2094805db9d75"
